
Microsoft Visual Studio Solution File, Format Version 12.00
# Visual Studio Version 16
VisualStudioVersion = 16.0.32106.194
MinimumVisualStudioVersion = 10.0.40219.1
Project("{FAE04EC0-301F-11D3-BF4B-00C04F79EFBC}") = "Nullable", "Nullable\Nullable.csproj", "{4E79213F-99A0-4887-8DC2-ABE38BD73B10}"
EndProject
Global
	GlobalSection(SolutionConfigurationPlatforms) = preSolution
		Debug|Any CPU = Debug|Any CPU
		Release|Any CPU = Release|Any CPU
	EndGlobalSection
	GlobalSection(ProjectConfigurationPlatforms) = postSolution
		{4E79213F-99A0-4887-8DC2-ABE38BD73B10}.Debug|Any CPU.ActiveCfg = Debug|Any CPU
		{4E79213F-99A0-4887-8DC2-ABE38BD73B10}.Debug|Any CPU.Build.0 = Debug|Any CPU
		{4E79213F-99A0-4887-8DC2-ABE38BD73B10}.Release|Any CPU.ActiveCfg = Release|Any CPU
		{4E79213F-99A0-4887-8DC2-ABE38BD73B10}.Release|Any CPU.Build.0 = Release|Any CPU
	EndGlobalSection
	GlobalSection(SolutionProperties) = preSolution
		HideSolutionNode = FALSE
	EndGlobalSection
	GlobalSection(ExtensibilityGlobals) = postSolution
		SolutionGuid = {96CC957C-5158-4343-8AD5-365E2F65C3AE}
	EndGlobalSection
EndGlobal
