
Microsoft Visual Studio Solution File, Format Version 12.00
# Visual Studio Version 16
VisualStudioVersion = 16.0.32106.194
MinimumVisualStudioVersion = 10.0.40219.1
Project("{FAE04EC0-301F-11D3-BF4B-00C04F79EFBC}") = "Vetores2", "Vetores2\Vetores2.csproj", "{423E182C-3FE5-47C5-8AD0-09527B4A960D}"
EndProject
Global
	GlobalSection(SolutionConfigurationPlatforms) = preSolution
		Debug|Any CPU = Debug|Any CPU
		Release|Any CPU = Release|Any CPU
	EndGlobalSection
	GlobalSection(ProjectConfigurationPlatforms) = postSolution
		{423E182C-3FE5-47C5-8AD0-09527B4A960D}.Debug|Any CPU.ActiveCfg = Debug|Any CPU
		{423E182C-3FE5-47C5-8AD0-09527B4A960D}.Debug|Any CPU.Build.0 = Debug|Any CPU
		{423E182C-3FE5-47C5-8AD0-09527B4A960D}.Release|Any CPU.ActiveCfg = Release|Any CPU
		{423E182C-3FE5-47C5-8AD0-09527B4A960D}.Release|Any CPU.Build.0 = Release|Any CPU
	EndGlobalSection
	GlobalSection(SolutionProperties) = preSolution
		HideSolutionNode = FALSE
	EndGlobalSection
	GlobalSection(ExtensibilityGlobals) = postSolution
		SolutionGuid = {EF4B058D-0F9A-4E49-989D-9D88AADDB6F4}
	EndGlobalSection
EndGlobal
