
Microsoft Visual Studio Solution File, Format Version 12.00
# Visual Studio Version 16
VisualStudioVersion = 16.0.32106.194
MinimumVisualStudioVersion = 10.0.40219.1
Project("{FAE04EC0-301F-11D3-BF4B-00C04F79EFBC}") = "List", "List\List.csproj", "{A29468BE-BCA8-436F-A20E-E189CD9EEA92}"
EndProject
Global
	GlobalSection(SolutionConfigurationPlatforms) = preSolution
		Debug|Any CPU = Debug|Any CPU
		Release|Any CPU = Release|Any CPU
	EndGlobalSection
	GlobalSection(ProjectConfigurationPlatforms) = postSolution
		{A29468BE-BCA8-436F-A20E-E189CD9EEA92}.Debug|Any CPU.ActiveCfg = Debug|Any CPU
		{A29468BE-BCA8-436F-A20E-E189CD9EEA92}.Debug|Any CPU.Build.0 = Debug|Any CPU
		{A29468BE-BCA8-436F-A20E-E189CD9EEA92}.Release|Any CPU.ActiveCfg = Release|Any CPU
		{A29468BE-BCA8-436F-A20E-E189CD9EEA92}.Release|Any CPU.Build.0 = Release|Any CPU
	EndGlobalSection
	GlobalSection(SolutionProperties) = preSolution
		HideSolutionNode = FALSE
	EndGlobalSection
	GlobalSection(ExtensibilityGlobals) = postSolution
		SolutionGuid = {AD024B91-5EAC-4435-B3AF-11C757FA8E8D}
	EndGlobalSection
EndGlobal
