
Microsoft Visual Studio Solution File, Format Version 12.00
# Visual Studio Version 16
VisualStudioVersion = 16.0.32106.194
MinimumVisualStudioVersion = 10.0.40219.1
Project("{FAE04EC0-301F-11D3-BF4B-00C04F79EFBC}") = "Lista2", "Lista2\Lista2.csproj", "{FFBA611F-A63B-447F-8C97-4CF4FD1D63F6}"
EndProject
Global
	GlobalSection(SolutionConfigurationPlatforms) = preSolution
		Debug|Any CPU = Debug|Any CPU
		Release|Any CPU = Release|Any CPU
	EndGlobalSection
	GlobalSection(ProjectConfigurationPlatforms) = postSolution
		{FFBA611F-A63B-447F-8C97-4CF4FD1D63F6}.Debug|Any CPU.ActiveCfg = Debug|Any CPU
		{FFBA611F-A63B-447F-8C97-4CF4FD1D63F6}.Debug|Any CPU.Build.0 = Debug|Any CPU
		{FFBA611F-A63B-447F-8C97-4CF4FD1D63F6}.Release|Any CPU.ActiveCfg = Release|Any CPU
		{FFBA611F-A63B-447F-8C97-4CF4FD1D63F6}.Release|Any CPU.Build.0 = Release|Any CPU
	EndGlobalSection
	GlobalSection(SolutionProperties) = preSolution
		HideSolutionNode = FALSE
	EndGlobalSection
	GlobalSection(ExtensibilityGlobals) = postSolution
		SolutionGuid = {EF1AB125-4C60-45B6-9B4B-59852AD4A4E0}
	EndGlobalSection
EndGlobal
