
Microsoft Visual Studio Solution File, Format Version 12.00
# Visual Studio Version 16
VisualStudioVersion = 16.0.32106.194
MinimumVisualStudioVersion = 10.0.40219.1
Project("{FAE04EC0-301F-11D3-BF4B-00C04F79EFBC}") = "Lista3", "Lista3\Lista3.csproj", "{AB290601-66DE-4C3B-8E36-3C1FE9637CB7}"
EndProject
Global
	GlobalSection(SolutionConfigurationPlatforms) = preSolution
		Debug|Any CPU = Debug|Any CPU
		Release|Any CPU = Release|Any CPU
	EndGlobalSection
	GlobalSection(ProjectConfigurationPlatforms) = postSolution
		{AB290601-66DE-4C3B-8E36-3C1FE9637CB7}.Debug|Any CPU.ActiveCfg = Debug|Any CPU
		{AB290601-66DE-4C3B-8E36-3C1FE9637CB7}.Debug|Any CPU.Build.0 = Debug|Any CPU
		{AB290601-66DE-4C3B-8E36-3C1FE9637CB7}.Release|Any CPU.ActiveCfg = Release|Any CPU
		{AB290601-66DE-4C3B-8E36-3C1FE9637CB7}.Release|Any CPU.Build.0 = Release|Any CPU
	EndGlobalSection
	GlobalSection(SolutionProperties) = preSolution
		HideSolutionNode = FALSE
	EndGlobalSection
	GlobalSection(ExtensibilityGlobals) = postSolution
		SolutionGuid = {FF51F5B7-57C8-4113-98F1-2FFC8763E729}
	EndGlobalSection
EndGlobal
